// !$*UTF8*$!
{
	archiveVersion = 1;
	classes = {
	};
	objectVersion = 50;
	objects = {

/* Begin PBXBuildFile section */
		F92DDCE2219B312F00B1DA0F /* AppDelegate.swift in Sources */ = {isa = PBXBuildFile; fileRef = F92DDCE1219B312F00B1DA0F /* AppDelegate.swift */; };
		F92DDCE4219B312F00B1DA0F /* BreatheViewController.swift in Sources */ = {isa = PBXBuildFile; fileRef = F92DDCE3219B312F00B1DA0F /* BreatheViewController.swift */; };
		F92DDCE7219B312F00B1DA0F /* Main.storyboard in Resources */ = {isa = PBXBuildFile; fileRef = F92DDCE5219B312F00B1DA0F /* Main.storyboard */; };
		F92DDCE9219B313100B1DA0F /* Assets.xcassets in Resources */ = {isa = PBXBuildFile; fileRef = F92DDCE8219B313100B1DA0F /* Assets.xcassets */; };
		F92DDCEC219B313100B1DA0F /* LaunchScreen.storyboard in Resources */ = {isa = PBXBuildFile; fileRef = F92DDCEA219B313100B1DA0F /* LaunchScreen.storyboard */; };
		F92DDCF8219B335F00B1DA0F /* data.json in Resources */ = {isa = PBXBuildFile; fileRef = F92DDCF7219B335F00B1DA0F /* data.json */; };
		F92DDCFB219B362C00B1DA0F /* Phase.swift in Sources */ = {isa = PBXBuildFile; fileRef = F92DDCFA219B362C00B1DA0F /* Phase.swift */; };
		F92DDD06219B3E1F00B1DA0F /* UIColor+Extensions.swift in Sources */ = {isa = PBXBuildFile; fileRef = F92DDD05219B3E1F00B1DA0F /* UIColor+Extensions.swift */; };
		F962DAE7219C70C4000777BC /* PhaseQueue.swift in Sources */ = {isa = PBXBuildFile; fileRef = F962DAE6219C70C4000777BC /* PhaseQueue.swift */; };
		F962DAEC219C776B000777BC /* PhaseAction.swift in Sources */ = {isa = PBXBuildFile; fileRef = F962DAEB219C776B000777BC /* PhaseAction.swift */; };
		F962DAEE219C7782000777BC /* PhaseActionFactory.swift in Sources */ = {isa = PBXBuildFile; fileRef = F962DAED219C7782000777BC /* PhaseActionFactory.swift */; };
		F962DAF0219C785B000777BC /* InhaleAction.swift in Sources */ = {isa = PBXBuildFile; fileRef = F962DAEF219C785B000777BC /* InhaleAction.swift */; };
		F962DAF2219C7883000777BC /* BaseAction.swift in Sources */ = {isa = PBXBuildFile; fileRef = F962DAF1219C7883000777BC /* BaseAction.swift */; };
		F962DAF5219D5745000777BC /* ExhaleAction.swift in Sources */ = {isa = PBXBuildFile; fileRef = F962DAF4219D5745000777BC /* ExhaleAction.swift */; };
		F962DAF7219D586B000777BC /* HoldAction.swift in Sources */ = {isa = PBXBuildFile; fileRef = F962DAF6219D586B000777BC /* HoldAction.swift */; };
		F962DAF9219D5909000777BC /* ActionFactory.swift in Sources */ = {isa = PBXBuildFile; fileRef = F962DAF8219D5909000777BC /* ActionFactory.swift */; };
		F962DAFB219D646F000777BC /* PhaseProvider.swift in Sources */ = {isa = PBXBuildFile; fileRef = F962DAFA219D646F000777BC /* PhaseProvider.swift */; };
		F962DB05219D909C000777BC /* String+Extensions.swift in Sources */ = {isa = PBXBuildFile; fileRef = F962DB04219D909C000777BC /* String+Extensions.swift */; };
		F9EF356D219C08FB00E1DFD7 /* BreatheView.swift in Sources */ = {isa = PBXBuildFile; fileRef = F9EF356C219C08FB00E1DFD7 /* BreatheView.swift */; };
		F9EF356F219C0A6000E1DFD7 /* CountDown.swift in Sources */ = {isa = PBXBuildFile; fileRef = F9EF356E219C0A6000E1DFD7 /* CountDown.swift */; };
/* End PBXBuildFile section */

/* Begin PBXFileReference section */
		F92DDCDE219B312F00B1DA0F /* BetterMe_Test_App.app */ = {isa = PBXFileReference; explicitFileType = wrapper.application; includeInIndex = 0; path = BetterMe_Test_App.app; sourceTree = BUILT_PRODUCTS_DIR; };
		F92DDCE1219B312F00B1DA0F /* AppDelegate.swift */ = {isa = PBXFileReference; lastKnownFileType = sourcecode.swift; path = AppDelegate.swift; sourceTree = "<group>"; };
		F92DDCE3219B312F00B1DA0F /* BreatheViewController.swift */ = {isa = PBXFileReference; lastKnownFileType = sourcecode.swift; path = BreatheViewController.swift; sourceTree = "<group>"; };
		F92DDCE6219B312F00B1DA0F /* Base */ = {isa = PBXFileReference; lastKnownFileType = file.storyboard; name = Base; path = Base.lproj/Main.storyboard; sourceTree = "<group>"; };
		F92DDCE8219B313100B1DA0F /* Assets.xcassets */ = {isa = PBXFileReference; lastKnownFileType = folder.assetcatalog; path = Assets.xcassets; sourceTree = "<group>"; };
		F92DDCEB219B313100B1DA0F /* Base */ = {isa = PBXFileReference; lastKnownFileType = file.storyboard; name = Base; path = Base.lproj/LaunchScreen.storyboard; sourceTree = "<group>"; };
		F92DDCED219B313100B1DA0F /* Info.plist */ = {isa = PBXFileReference; lastKnownFileType = text.plist.xml; path = Info.plist; sourceTree = "<group>"; };
		F92DDCF7219B335F00B1DA0F /* data.json */ = {isa = PBXFileReference; fileEncoding = 4; lastKnownFileType = text.json; path = data.json; sourceTree = "<group>"; };
		F92DDCFA219B362C00B1DA0F /* Phase.swift */ = {isa = PBXFileReference; lastKnownFileType = sourcecode.swift; path = Phase.swift; sourceTree = "<group>"; };
		F92DDD05219B3E1F00B1DA0F /* UIColor+Extensions.swift */ = {isa = PBXFileReference; lastKnownFileType = sourcecode.swift; path = "UIColor+Extensions.swift"; sourceTree = "<group>"; };
		F962DAE6219C70C4000777BC /* PhaseQueue.swift */ = {isa = PBXFileReference; lastKnownFileType = sourcecode.swift; path = PhaseQueue.swift; sourceTree = "<group>"; };
		F962DAEB219C776B000777BC /* PhaseAction.swift */ = {isa = PBXFileReference; lastKnownFileType = sourcecode.swift; path = PhaseAction.swift; sourceTree = "<group>"; };
		F962DAED219C7782000777BC /* PhaseActionFactory.swift */ = {isa = PBXFileReference; lastKnownFileType = sourcecode.swift; path = PhaseActionFactory.swift; sourceTree = "<group>"; };
		F962DAEF219C785B000777BC /* InhaleAction.swift */ = {isa = PBXFileReference; lastKnownFileType = sourcecode.swift; path = InhaleAction.swift; sourceTree = "<group>"; };
		F962DAF1219C7883000777BC /* BaseAction.swift */ = {isa = PBXFileReference; lastKnownFileType = sourcecode.swift; path = BaseAction.swift; sourceTree = "<group>"; };
		F962DAF4219D5745000777BC /* ExhaleAction.swift */ = {isa = PBXFileReference; lastKnownFileType = sourcecode.swift; path = ExhaleAction.swift; sourceTree = "<group>"; };
		F962DAF6219D586B000777BC /* HoldAction.swift */ = {isa = PBXFileReference; lastKnownFileType = sourcecode.swift; path = HoldAction.swift; sourceTree = "<group>"; };
		F962DAF8219D5909000777BC /* ActionFactory.swift */ = {isa = PBXFileReference; lastKnownFileType = sourcecode.swift; path = ActionFactory.swift; sourceTree = "<group>"; };
		F962DAFA219D646F000777BC /* PhaseProvider.swift */ = {isa = PBXFileReference; lastKnownFileType = sourcecode.swift; path = PhaseProvider.swift; sourceTree = "<group>"; };
		F962DB04219D909C000777BC /* String+Extensions.swift */ = {isa = PBXFileReference; lastKnownFileType = sourcecode.swift; path = "String+Extensions.swift"; sourceTree = "<group>"; };
		F9EF356C219C08FB00E1DFD7 /* BreatheView.swift */ = {isa = PBXFileReference; lastKnownFileType = sourcecode.swift; path = BreatheView.swift; sourceTree = "<group>"; };
		F9EF356E219C0A6000E1DFD7 /* CountDown.swift */ = {isa = PBXFileReference; lastKnownFileType = sourcecode.swift; path = CountDown.swift; sourceTree = "<group>"; };
/* End PBXFileReference section */

/* Begin PBXFrameworksBuildPhase section */
		F92DDCDB219B312F00B1DA0F /* Frameworks */ = {
			isa = PBXFrameworksBuildPhase;
			buildActionMask = 2147483647;
			files = (
			);
			runOnlyForDeploymentPostprocessing = 0;
		};
/* End PBXFrameworksBuildPhase section */

/* Begin PBXGroup section */
		F92DDCD5219B312F00B1DA0F = {
			isa = PBXGroup;
			children = (
				F92DDCE0219B312F00B1DA0F /* BetterMe_Test_App */,
				F92DDCDF219B312F00B1DA0F /* Products */,
			);
			sourceTree = "<group>";
		};
		F92DDCDF219B312F00B1DA0F /* Products */ = {
			isa = PBXGroup;
			children = (
				F92DDCDE219B312F00B1DA0F /* BetterMe_Test_App.app */,
			);
			name = Products;
			sourceTree = "<group>";
		};
		F92DDCE0219B312F00B1DA0F /* BetterMe_Test_App */ = {
			isa = PBXGroup;
			children = (
				F92DDCE1219B312F00B1DA0F /* AppDelegate.swift */,
				F92DDCE3219B312F00B1DA0F /* BreatheViewController.swift */,
				F9EF356C219C08FB00E1DFD7 /* BreatheView.swift */,
				F962DAEA219C7754000777BC /* PhaseAction */,
				F92DDCF9219B35A800B1DA0F /* Model */,
				F92DDD04219B3DF600B1DA0F /* Extensions */,
				F9EF3570219C0A6A00E1DFD7 /* ReusableControls */,
				F92DDCE5219B312F00B1DA0F /* Main.storyboard */,
				F92DDCE8219B313100B1DA0F /* Assets.xcassets */,
				F92DDCEA219B313100B1DA0F /* LaunchScreen.storyboard */,
				F92DDCED219B313100B1DA0F /* Info.plist */,
				F92DDCF6219B335600B1DA0F /* Resources */,
				F962DAFA219D646F000777BC /* PhaseProvider.swift */,
			);
			path = BetterMe_Test_App;
			sourceTree = "<group>";
		};
		F92DDCF6219B335600B1DA0F /* Resources */ = {
			isa = PBXGroup;
			children = (
				F92DDCF7219B335F00B1DA0F /* data.json */,
			);
			path = Resources;
			sourceTree = "<group>";
		};
		F92DDCF9219B35A800B1DA0F /* Model */ = {
			isa = PBXGroup;
			children = (
				F92DDCFA219B362C00B1DA0F /* Phase.swift */,
				F962DAE6219C70C4000777BC /* PhaseQueue.swift */,
			);
			path = Model;
			sourceTree = "<group>";
		};
		F92DDD04219B3DF600B1DA0F /* Extensions */ = {
			isa = PBXGroup;
			children = (
				F92DDD05219B3E1F00B1DA0F /* UIColor+Extensions.swift */,
				F962DB04219D909C000777BC /* String+Extensions.swift */,
			);
			path = Extensions;
			sourceTree = "<group>";
		};
		F962DAEA219C7754000777BC /* PhaseAction */ = {
			isa = PBXGroup;
			children = (
				F962DAF3219D554E000777BC /* ActionImplementation */,
				F962DAEB219C776B000777BC /* PhaseAction.swift */,
				F962DAED219C7782000777BC /* PhaseActionFactory.swift */,
			);
			path = PhaseAction;
			sourceTree = "<group>";
		};
		F962DAF3219D554E000777BC /* ActionImplementation */ = {
			isa = PBXGroup;
			children = (
				F962DAF1219C7883000777BC /* BaseAction.swift */,
				F962DAEF219C785B000777BC /* InhaleAction.swift */,
				F962DAF4219D5745000777BC /* ExhaleAction.swift */,
				F962DAF6219D586B000777BC /* HoldAction.swift */,
				F962DAF8219D5909000777BC /* ActionFactory.swift */,
			);
			path = ActionImplementation;
			sourceTree = "<group>";
		};
		F9EF3570219C0A6A00E1DFD7 /* ReusableControls */ = {
			isa = PBXGroup;
			children = (
				F9EF356E219C0A6000E1DFD7 /* CountDown.swift */,
			);
			path = ReusableControls;
			sourceTree = "<group>";
		};
/* End PBXGroup section */

/* Begin PBXNativeTarget section */
		F92DDCDD219B312F00B1DA0F /* BetterMe_Test_App */ = {
			isa = PBXNativeTarget;
			buildConfigurationList = F92DDCF0219B313100B1DA0F /* Build configuration list for PBXNativeTarget "BetterMe_Test_App" */;
			buildPhases = (
				F92DDCDA219B312F00B1DA0F /* Sources */,
				F92DDCDB219B312F00B1DA0F /* Frameworks */,
				F92DDCDC219B312F00B1DA0F /* Resources */,
			);
			buildRules = (
			);
			dependencies = (
			);
			name = BetterMe_Test_App;
			productName = BetterMe_Test_App;
			productReference = F92DDCDE219B312F00B1DA0F /* BetterMe_Test_App.app */;
			productType = "com.apple.product-type.application";
		};
/* End PBXNativeTarget section */

/* Begin PBXProject section */
		F92DDCD6219B312F00B1DA0F /* Project object */ = {
			isa = PBXProject;
			attributes = {
				LastSwiftUpdateCheck = 1000;
				LastUpgradeCheck = 1000;
				ORGANIZATIONNAME = iBud;
				TargetAttributes = {
					F92DDCDD219B312F00B1DA0F = {
						CreatedOnToolsVersion = 10.0;
					};
				};
			};
			buildConfigurationList = F92DDCD9219B312F00B1DA0F /* Build configuration list for PBXProject "BetterMe_Test_App" */;
			compatibilityVersion = "Xcode 9.3";
			developmentRegion = en;
			hasScannedForEncodings = 0;
			knownRegions = (
				en,
				Base,
			);
			mainGroup = F92DDCD5219B312F00B1DA0F;
			productRefGroup = F92DDCDF219B312F00B1DA0F /* Products */;
			projectDirPath = "";
			projectRoot = "";
			targets = (
				F92DDCDD219B312F00B1DA0F /* BetterMe_Test_App */,
			);
		};
/* End PBXProject section */

/* Begin PBXResourcesBuildPhase section */
		F92DDCDC219B312F00B1DA0F /* Resources */ = {
			isa = PBXResourcesBuildPhase;
			buildActionMask = 2147483647;
			files = (
				F92DDCEC219B313100B1DA0F /* LaunchScreen.storyboard in Resources */,
				F92DDCE9219B313100B1DA0F /* Assets.xcassets in Resources */,
				F92DDCE7219B312F00B1DA0F /* Main.storyboard in Resources */,
				F92DDCF8219B335F00B1DA0F /* data.json in Resources */,
			);
			runOnlyForDeploymentPostprocessing = 0;
		};
/* End PBXResourcesBuildPhase section */

/* Begin PBXSourcesBuildPhase section */
		F92DDCDA219B312F00B1DA0F /* Sources */ = {
			isa = PBXSourcesBuildPhase;
			buildActionMask = 2147483647;
			files = (
				F962DAEE219C7782000777BC /* PhaseActionFactory.swift in Sources */,
				F9EF356D219C08FB00E1DFD7 /* BreatheView.swift in Sources */,
				F962DAF0219C785B000777BC /* InhaleAction.swift in Sources */,
				F962DAF2219C7883000777BC /* BaseAction.swift in Sources */,
				F962DB05219D909C000777BC /* String+Extensions.swift in Sources */,
				F92DDCE4219B312F00B1DA0F /* BreatheViewController.swift in Sources */,
				F962DAF9219D5909000777BC /* ActionFactory.swift in Sources */,
				F962DAEC219C776B000777BC /* PhaseAction.swift in Sources */,
				F962DAF5219D5745000777BC /* ExhaleAction.swift in Sources */,
				F962DAF7219D586B000777BC /* HoldAction.swift in Sources */,
				F962DAFB219D646F000777BC /* PhaseProvider.swift in Sources */,
				F962DAE7219C70C4000777BC /* PhaseQueue.swift in Sources */,
				F92DDD06219B3E1F00B1DA0F /* UIColor+Extensions.swift in Sources */,
				F92DDCE2219B312F00B1DA0F /* AppDelegate.swift in Sources */,
				F92DDCFB219B362C00B1DA0F /* Phase.swift in Sources */,
				F9EF356F219C0A6000E1DFD7 /* CountDown.swift in Sources */,
			);
			runOnlyForDeploymentPostprocessing = 0;
		};
/* End PBXSourcesBuildPhase section */

/* Begin PBXVariantGroup section */
		F92DDCE5219B312F00B1DA0F /* Main.storyboard */ = {
			isa = PBXVariantGroup;
			children = (
				F92DDCE6219B312F00B1DA0F /* Base */,
			);
			name = Main.storyboard;
			sourceTree = "<group>";
		};
		F92DDCEA219B313100B1DA0F /* LaunchScreen.storyboard */ = {
			isa = PBXVariantGroup;
			children = (
				F92DDCEB219B313100B1DA0F /* Base */,
			);
			name = LaunchScreen.storyboard;
			sourceTree = "<group>";
		};
/* End PBXVariantGroup section */

/* Begin XCBuildConfiguration section */
		F92DDCEE219B313100B1DA0F /* Debug */ = {
			isa = XCBuildConfiguration;
			buildSettings = {
				ALWAYS_SEARCH_USER_PATHS = NO;
				CLANG_ANALYZER_NONNULL = YES;
				CLANG_ANALYZER_NUMBER_OBJECT_CONVERSION = YES_AGGRESSIVE;
				CLANG_CXX_LANGUAGE_STANDARD = "gnu++14";
				CLANG_CXX_LIBRARY = "libc++";
				CLANG_ENABLE_MODULES = YES;
				CLANG_ENABLE_OBJC_ARC = YES;
				CLANG_ENABLE_OBJC_WEAK = YES;
				CLANG_WARN_BLOCK_CAPTURE_AUTORELEASING = YES;
				CLANG_WARN_BOOL_CONVERSION = YES;
				CLANG_WARN_COMMA = YES;
				CLANG_WARN_CONSTANT_CONVERSION = YES;
				CLANG_WARN_DEPRECATED_OBJC_IMPLEMENTATIONS = YES;
				CLANG_WARN_DIRECT_OBJC_ISA_USAGE = YES_ERROR;
				CLANG_WARN_DOCUMENTATION_COMMENTS = YES;
				CLANG_WARN_EMPTY_BODY = YES;
				CLANG_WARN_ENUM_CONVERSION = YES;
				CLANG_WARN_INFINITE_RECURSION = YES;
				CLANG_WARN_INT_CONVERSION = YES;
				CLANG_WARN_NON_LITERAL_NULL_CONVERSION = YES;
				CLANG_WARN_OBJC_IMPLICIT_RETAIN_SELF = YES;
				CLANG_WARN_OBJC_LITERAL_CONVERSION = YES;
				CLANG_WARN_OBJC_ROOT_CLASS = YES_ERROR;
				CLANG_WARN_RANGE_LOOP_ANALYSIS = YES;
				CLANG_WARN_STRICT_PROTOTYPES = YES;
				CLANG_WARN_SUSPICIOUS_MOVE = YES;
				CLANG_WARN_UNGUARDED_AVAILABILITY = YES_AGGRESSIVE;
				CLANG_WARN_UNREACHABLE_CODE = YES;
				CLANG_WARN__DUPLICATE_METHOD_MATCH = YES;
				CODE_SIGN_IDENTITY = "iPhone Developer";
				COPY_PHASE_STRIP = NO;
				DEBUG_INFORMATION_FORMAT = dwarf;
				ENABLE_STRICT_OBJC_MSGSEND = YES;
				ENABLE_TESTABILITY = YES;
				GCC_C_LANGUAGE_STANDARD = gnu11;
				GCC_DYNAMIC_NO_PIC = NO;
				GCC_NO_COMMON_BLOCKS = YES;
				GCC_OPTIMIZATION_LEVEL = 0;
				GCC_PREPROCESSOR_DEFINITIONS = (
					"DEBUG=1",
					"$(inherited)",
				);
				GCC_WARN_64_TO_32_BIT_CONVERSION = YES;
				GCC_WARN_ABOUT_RETURN_TYPE = YES_ERROR;
				GCC_WARN_UNDECLARED_SELECTOR = YES;
				GCC_WARN_UNINITIALIZED_AUTOS = YES_AGGRESSIVE;
				GCC_WARN_UNUSED_FUNCTION = YES;
				GCC_WARN_UNUSED_VARIABLE = YES;
				IPHONEOS_DEPLOYMENT_TARGET = 12.0;
				MTL_ENABLE_DEBUG_INFO = INCLUDE_SOURCE;
				MTL_FAST_MATH = YES;
				ONLY_ACTIVE_ARCH = YES;
				SDKROOT = iphoneos;
				SWIFT_ACTIVE_COMPILATION_CONDITIONS = DEBUG;
				SWIFT_OPTIMIZATION_LEVEL = "-Onone";
			};
			name = Debug;
		};
		F92DDCEF219B313100B1DA0F /* Release */ = {
			isa = XCBuildConfiguration;
			buildSettings = {
				ALWAYS_SEARCH_USER_PATHS = NO;
				CLANG_ANALYZER_NONNULL = YES;
				CLANG_ANALYZER_NUMBER_OBJECT_CONVERSION = YES_AGGRESSIVE;
				CLANG_CXX_LANGUAGE_STANDARD = "gnu++14";
				CLANG_CXX_LIBRARY = "libc++";
				CLANG_ENABLE_MODULES = YES;
				CLANG_ENABLE_OBJC_ARC = YES;
				CLANG_ENABLE_OBJC_WEAK = YES;
				CLANG_WARN_BLOCK_CAPTURE_AUTORELEASING = YES;
				CLANG_WARN_BOOL_CONVERSION = YES;
				CLANG_WARN_COMMA = YES;
				CLANG_WARN_CONSTANT_CONVERSION = YES;
				CLANG_WARN_DEPRECATED_OBJC_IMPLEMENTATIONS = YES;
				CLANG_WARN_DIRECT_OBJC_ISA_USAGE = YES_ERROR;
				CLANG_WARN_DOCUMENTATION_COMMENTS = YES;
				CLANG_WARN_EMPTY_BODY = YES;
				CLANG_WARN_ENUM_CONVERSION = YES;
				CLANG_WARN_INFINITE_RECURSION = YES;
				CLANG_WARN_INT_CONVERSION = YES;
				CLANG_WARN_NON_LITERAL_NULL_CONVERSION = YES;
				CLANG_WARN_OBJC_IMPLICIT_RETAIN_SELF = YES;
				CLANG_WARN_OBJC_LITERAL_CONVERSION = YES;
				CLANG_WARN_OBJC_ROOT_CLASS = YES_ERROR;
				CLANG_WARN_RANGE_LOOP_ANALYSIS = YES;
				CLANG_WARN_STRICT_PROTOTYPES = YES;
				CLANG_WARN_SUSPICIOUS_MOVE = YES;
				CLANG_WARN_UNGUARDED_AVAILABILITY = YES_AGGRESSIVE;
				CLANG_WARN_UNREACHABLE_CODE = YES;
				CLANG_WARN__DUPLICATE_METHOD_MATCH = YES;
				CODE_SIGN_IDENTITY = "iPhone Developer";
				COPY_PHASE_STRIP = NO;
				DEBUG_INFORMATION_FORMAT = "dwarf-with-dsym";
				ENABLE_NS_ASSERTIONS = NO;
				ENABLE_STRICT_OBJC_MSGSEND = YES;
				GCC_C_LANGUAGE_STANDARD = gnu11;
				GCC_NO_COMMON_BLOCKS = YES;
				GCC_WARN_64_TO_32_BIT_CONVERSION = YES;
				GCC_WARN_ABOUT_RETURN_TYPE = YES_ERROR;
				GCC_WARN_UNDECLARED_SELECTOR = YES;
				GCC_WARN_UNINITIALIZED_AUTOS = YES_AGGRESSIVE;
				GCC_WARN_UNUSED_FUNCTION = YES;
				GCC_WARN_UNUSED_VARIABLE = YES;
				IPHONEOS_DEPLOYMENT_TARGET = 12.0;
				MTL_ENABLE_DEBUG_INFO = NO;
				MTL_FAST_MATH = YES;
				SDKROOT = iphoneos;
				SWIFT_COMPILATION_MODE = wholemodule;
				SWIFT_OPTIMIZATION_LEVEL = "-O";
				VALIDATE_PRODUCT = YES;
			};
			name = Release;
		};
		F92DDCF1219B313100B1DA0F /* Debug */ = {
			isa = XCBuildConfiguration;
			buildSettings = {
				ASSETCATALOG_COMPILER_APPICON_NAME = AppIcon;
				CODE_SIGN_STYLE = Automatic;
				DEVELOPMENT_TEAM = C5APV6QG7N;
				INFOPLIST_FILE = BetterMe_Test_App/Info.plist;
				LD_RUNPATH_SEARCH_PATHS = (
					"$(inherited)",
					"@executable_path/Frameworks",
				);
				PRODUCT_BUNDLE_IDENTIFIER = "com.ibud.BetterMe-Test-App";
				PRODUCT_NAME = "$(TARGET_NAME)";
				SWIFT_VERSION = 4.2;
				TARGETED_DEVICE_FAMILY = "1,2";
			};
			name = Debug;
		};
		F92DDCF2219B313100B1DA0F /* Release */ = {
			isa = XCBuildConfiguration;
			buildSettings = {
				ASSETCATALOG_COMPILER_APPICON_NAME = AppIcon;
				CODE_SIGN_STYLE = Automatic;
				DEVELOPMENT_TEAM = C5APV6QG7N;
				INFOPLIST_FILE = BetterMe_Test_App/Info.plist;
				LD_RUNPATH_SEARCH_PATHS = (
					"$(inherited)",
					"@executable_path/Frameworks",
				);
				PRODUCT_BUNDLE_IDENTIFIER = "com.ibud.BetterMe-Test-App";
				PRODUCT_NAME = "$(TARGET_NAME)";
				SWIFT_VERSION = 4.2;
				TARGETED_DEVICE_FAMILY = "1,2";
			};
			name = Release;
		};
/* End XCBuildConfiguration section */

/* Begin XCConfigurationList section */
		F92DDCD9219B312F00B1DA0F /* Build configuration list for PBXProject "BetterMe_Test_App" */ = {
			isa = XCConfigurationList;
			buildConfigurations = (
				F92DDCEE219B313100B1DA0F /* Debug */,
				F92DDCEF219B313100B1DA0F /* Release */,
			);
			defaultConfigurationIsVisible = 0;
			defaultConfigurationName = Release;
		};
		F92DDCF0219B313100B1DA0F /* Build configuration list for PBXNativeTarget "BetterMe_Test_App" */ = {
			isa = XCConfigurationList;
			buildConfigurations = (
				F92DDCF1219B313100B1DA0F /* Debug */,
				F92DDCF2219B313100B1DA0F /* Release */,
			);
			defaultConfigurationIsVisible = 0;
			defaultConfigurationName = Release;
		};
/* End XCConfigurationList section */
	};
	rootObject = F92DDCD6219B312F00B1DA0F /* Project object */;
}
